
Microsoft Visual Studio Solution File, Format Version 12.00
# Visual Studio 15
VisualStudioVersion = 15.0.26124.0
MinimumVisualStudioVersion = 15.0.26124.0
Project("{2150E333-8FDC-42A3-9474-1A3956D46DE8}") = "src", "src", "{80395FE0-D5C1-4B44-B6B3-AE1DDB9E5951}"
EndProject
Project("{9A19103F-16F7-4668-BE54-9A1E7A4F7556}") = "SecretSanta.Domain", "src\SecretSanta.Domain\SecretSanta.Domain.csproj", "{E9941157-365A-4EDF-92F1-FD79DFDAACDF}"
EndProject
Project("{2150E333-8FDC-42A3-9474-1A3956D46DE8}") = "test", "test", "{4DB2D603-D0E6-4BBF-AB9C-F8686DBDDC34}"
EndProject
Project("{9A19103F-16F7-4668-BE54-9A1E7A4F7556}") = "SecretSanta.Domain.Tests", "test\SecretSanta.Domain.Tests\SecretSanta.Domain.Tests.csproj", "{CBC66E3B-071B-4199-AB14-3F7CD5CE2203}"
EndProject
Project("{FAE04EC0-301F-11D3-BF4B-00C04F79EFBC}") = "SecretSanta.Import", "src\SecretSanta.Import\SecretSanta.Import.csproj", "{F6CC3E8E-2212-4A61-B66C-9B92CFF634FA}"
EndProject
Project("{FAE04EC0-301F-11D3-BF4B-00C04F79EFBC}") = "SecretSanta.Import.Tests", "test\SecretSanta.Import.Tests\SecretSanta.Import.Tests.csproj", "{52A9CD24-1F86-4176-BE68-95EB8FAA598B}"
EndProject
Global
	GlobalSection(SolutionConfigurationPlatforms) = preSolution
		Debug|Any CPU = Debug|Any CPU
		Debug|x64 = Debug|x64
		Debug|x86 = Debug|x86
		Release|Any CPU = Release|Any CPU
		Release|x64 = Release|x64
		Release|x86 = Release|x86
	EndGlobalSection
	GlobalSection(ProjectConfigurationPlatforms) = postSolution
		{E9941157-365A-4EDF-92F1-FD79DFDAACDF}.Debug|Any CPU.ActiveCfg = Debug|Any CPU
		{E9941157-365A-4EDF-92F1-FD79DFDAACDF}.Debug|Any CPU.Build.0 = Debug|Any CPU
		{E9941157-365A-4EDF-92F1-FD79DFDAACDF}.Debug|x64.ActiveCfg = Debug|Any CPU
		{E9941157-365A-4EDF-92F1-FD79DFDAACDF}.Debug|x64.Build.0 = Debug|Any CPU
		{E9941157-365A-4EDF-92F1-FD79DFDAACDF}.Debug|x86.ActiveCfg = Debug|Any CPU
		{E9941157-365A-4EDF-92F1-FD79DFDAACDF}.Debug|x86.Build.0 = Debug|Any CPU
		{E9941157-365A-4EDF-92F1-FD79DFDAACDF}.Release|Any CPU.ActiveCfg = Release|Any CPU
		{E9941157-365A-4EDF-92F1-FD79DFDAACDF}.Release|Any CPU.Build.0 = Release|Any CPU
		{E9941157-365A-4EDF-92F1-FD79DFDAACDF}.Release|x64.ActiveCfg = Release|Any CPU
		{E9941157-365A-4EDF-92F1-FD79DFDAACDF}.Release|x64.Build.0 = Release|Any CPU
		{E9941157-365A-4EDF-92F1-FD79DFDAACDF}.Release|x86.ActiveCfg = Release|Any CPU
		{E9941157-365A-4EDF-92F1-FD79DFDAACDF}.Release|x86.Build.0 = Release|Any CPU
		{CBC66E3B-071B-4199-AB14-3F7CD5CE2203}.Debug|Any CPU.ActiveCfg = Debug|Any CPU
		{CBC66E3B-071B-4199-AB14-3F7CD5CE2203}.Debug|Any CPU.Build.0 = Debug|Any CPU
		{CBC66E3B-071B-4199-AB14-3F7CD5CE2203}.Debug|x64.ActiveCfg = Debug|Any CPU
		{CBC66E3B-071B-4199-AB14-3F7CD5CE2203}.Debug|x64.Build.0 = Debug|Any CPU
		{CBC66E3B-071B-4199-AB14-3F7CD5CE2203}.Debug|x86.ActiveCfg = Debug|Any CPU
		{CBC66E3B-071B-4199-AB14-3F7CD5CE2203}.Debug|x86.Build.0 = Debug|Any CPU
		{CBC66E3B-071B-4199-AB14-3F7CD5CE2203}.Release|Any CPU.ActiveCfg = Release|Any CPU
		{CBC66E3B-071B-4199-AB14-3F7CD5CE2203}.Release|Any CPU.Build.0 = Release|Any CPU
		{CBC66E3B-071B-4199-AB14-3F7CD5CE2203}.Release|x64.ActiveCfg = Release|Any CPU
		{CBC66E3B-071B-4199-AB14-3F7CD5CE2203}.Release|x64.Build.0 = Release|Any CPU
		{CBC66E3B-071B-4199-AB14-3F7CD5CE2203}.Release|x86.ActiveCfg = Release|Any CPU
		{CBC66E3B-071B-4199-AB14-3F7CD5CE2203}.Release|x86.Build.0 = Release|Any CPU
		{F6CC3E8E-2212-4A61-B66C-9B92CFF634FA}.Debug|Any CPU.ActiveCfg = Debug|Any CPU
		{F6CC3E8E-2212-4A61-B66C-9B92CFF634FA}.Debug|Any CPU.Build.0 = Debug|Any CPU
		{F6CC3E8E-2212-4A61-B66C-9B92CFF634FA}.Debug|x64.ActiveCfg = Debug|Any CPU
		{F6CC3E8E-2212-4A61-B66C-9B92CFF634FA}.Debug|x64.Build.0 = Debug|Any CPU
		{F6CC3E8E-2212-4A61-B66C-9B92CFF634FA}.Debug|x86.ActiveCfg = Debug|Any CPU
		{F6CC3E8E-2212-4A61-B66C-9B92CFF634FA}.Debug|x86.Build.0 = Debug|Any CPU
		{F6CC3E8E-2212-4A61-B66C-9B92CFF634FA}.Release|Any CPU.ActiveCfg = Release|Any CPU
		{F6CC3E8E-2212-4A61-B66C-9B92CFF634FA}.Release|Any CPU.Build.0 = Release|Any CPU
		{F6CC3E8E-2212-4A61-B66C-9B92CFF634FA}.Release|x64.ActiveCfg = Release|Any CPU
		{F6CC3E8E-2212-4A61-B66C-9B92CFF634FA}.Release|x64.Build.0 = Release|Any CPU
		{F6CC3E8E-2212-4A61-B66C-9B92CFF634FA}.Release|x86.ActiveCfg = Release|Any CPU
		{F6CC3E8E-2212-4A61-B66C-9B92CFF634FA}.Release|x86.Build.0 = Release|Any CPU
		{52A9CD24-1F86-4176-BE68-95EB8FAA598B}.Debug|Any CPU.ActiveCfg = Debug|Any CPU
		{52A9CD24-1F86-4176-BE68-95EB8FAA598B}.Debug|Any CPU.Build.0 = Debug|Any CPU
		{52A9CD24-1F86-4176-BE68-95EB8FAA598B}.Debug|x64.ActiveCfg = Debug|Any CPU
		{52A9CD24-1F86-4176-BE68-95EB8FAA598B}.Debug|x64.Build.0 = Debug|Any CPU
		{52A9CD24-1F86-4176-BE68-95EB8FAA598B}.Debug|x86.ActiveCfg = Debug|Any CPU
		{52A9CD24-1F86-4176-BE68-95EB8FAA598B}.Debug|x86.Build.0 = Debug|Any CPU
		{52A9CD24-1F86-4176-BE68-95EB8FAA598B}.Release|Any CPU.ActiveCfg = Release|Any CPU
		{52A9CD24-1F86-4176-BE68-95EB8FAA598B}.Release|Any CPU.Build.0 = Release|Any CPU
		{52A9CD24-1F86-4176-BE68-95EB8FAA598B}.Release|x64.ActiveCfg = Release|Any CPU
		{52A9CD24-1F86-4176-BE68-95EB8FAA598B}.Release|x64.Build.0 = Release|Any CPU
		{52A9CD24-1F86-4176-BE68-95EB8FAA598B}.Release|x86.ActiveCfg = Release|Any CPU
		{52A9CD24-1F86-4176-BE68-95EB8FAA598B}.Release|x86.Build.0 = Release|Any CPU
	EndGlobalSection
	GlobalSection(SolutionProperties) = preSolution
		HideSolutionNode = FALSE
	EndGlobalSection
	GlobalSection(NestedProjects) = preSolution
		{E9941157-365A-4EDF-92F1-FD79DFDAACDF} = {80395FE0-D5C1-4B44-B6B3-AE1DDB9E5951}
		{CBC66E3B-071B-4199-AB14-3F7CD5CE2203} = {4DB2D603-D0E6-4BBF-AB9C-F8686DBDDC34}
		{F6CC3E8E-2212-4A61-B66C-9B92CFF634FA} = {80395FE0-D5C1-4B44-B6B3-AE1DDB9E5951}
		{52A9CD24-1F86-4176-BE68-95EB8FAA598B} = {4DB2D603-D0E6-4BBF-AB9C-F8686DBDDC34}
	EndGlobalSection
	GlobalSection(ExtensibilityGlobals) = postSolution
		SolutionGuid = {02D11D44-EE8C-43E7-9B52-F72E76AEE8B3}
	EndGlobalSection
EndGlobal
